// !$*UTF8*$!
{
	archiveVersion = 1;
	classes = {
	};
	objectVersion = 50;
	objects = {

/* Begin PBXBuildFile section */
		17D5436422E4A99E001889AF /* AppDelegate.swift in Sources */ = {isa = PBXBuildFile; fileRef = 17D5436322E4A99E001889AF /* AppDelegate.swift */; };
		17D5436622E4A99E001889AF /* ViewController.swift in Sources */ = {isa = PBXBuildFile; fileRef = 17D5436522E4A99E001889AF /* ViewController.swift */; };
		17D5436922E4A99E001889AF /* Main.storyboard in Resources */ = {isa = PBXBuildFile; fileRef = 17D5436722E4A99E001889AF /* Main.storyboard */; };
		17D5436B22E4A9A0001889AF /* Assets.xcassets in Resources */ = {isa = PBXBuildFile; fileRef = 17D5436A22E4A9A0001889AF /* Assets.xcassets */; };
		17D5436E22E4A9A0001889AF /* LaunchScreen.storyboard in Resources */ = {isa = PBXBuildFile; fileRef = 17D5436C22E4A9A0001889AF /* LaunchScreen.storyboard */; };
		17D5437B22E4AD9D001889AF /* raygun4apple.framework in Frameworks */ = {isa = PBXBuildFile; fileRef = 17D5437A22E4AD9D001889AF /* raygun4apple.framework */; };
		17D5437C22E4AD9D001889AF /* raygun4apple.framework in Embed Frameworks */ = {isa = PBXBuildFile; fileRef = 17D5437A22E4AD9D001889AF /* raygun4apple.framework */; settings = {ATTRIBUTES = (CodeSignOnCopy, RemoveHeadersOnCopy, ); }; };
/* End PBXBuildFile section */

/* Begin PBXCopyFilesBuildPhase section */
		17D5437822E4AA1E001889AF /* Embed Frameworks */ = {
			isa = PBXCopyFilesBuildPhase;
			buildActionMask = 2147483647;
			dstPath = "";
			dstSubfolderSpec = 10;
			files = (
				17D5437C22E4AD9D001889AF /* raygun4apple.framework in Embed Frameworks */,
			);
			name = "Embed Frameworks";
			runOnlyForDeploymentPostprocessing = 0;
		};
/* End PBXCopyFilesBuildPhase section */

/* Begin PBXFileReference section */
		17D5436022E4A99E001889AF /* RayGun Testing For Video.app */ = {isa = PBXFileReference; explicitFileType = wrapper.application; includeInIndex = 0; path = "RayGun Testing For Video.app"; sourceTree = BUILT_PRODUCTS_DIR; };
		17D5436322E4A99E001889AF /* AppDelegate.swift */ = {isa = PBXFileReference; lastKnownFileType = sourcecode.swift; path = AppDelegate.swift; sourceTree = "<group>"; };
		17D5436522E4A99E001889AF /* ViewController.swift */ = {isa = PBXFileReference; lastKnownFileType = sourcecode.swift; path = ViewController.swift; sourceTree = "<group>"; };
		17D5436822E4A99E001889AF /* Base */ = {isa = PBXFileReference; lastKnownFileType = file.storyboard; name = Base; path = Base.lproj/Main.storyboard; sourceTree = "<group>"; };
		17D5436A22E4A9A0001889AF /* Assets.xcassets */ = {isa = PBXFileReference; lastKnownFileType = folder.assetcatalog; path = Assets.xcassets; sourceTree = "<group>"; };
		17D5436D22E4A9A0001889AF /* Base */ = {isa = PBXFileReference; lastKnownFileType = file.storyboard; name = Base; path = Base.lproj/LaunchScreen.storyboard; sourceTree = "<group>"; };
		17D5436F22E4A9A0001889AF /* Info.plist */ = {isa = PBXFileReference; lastKnownFileType = text.plist.xml; path = Info.plist; sourceTree = "<group>"; };
		17D5437922E4AA52001889AF /* RayGunTestingForVideo-Bridging-Header.h */ = {isa = PBXFileReference; lastKnownFileType = sourcecode.c.h; path = "RayGunTestingForVideo-Bridging-Header.h"; sourceTree = "<group>"; };
		17D5437A22E4AD9D001889AF /* raygun4apple.framework */ = {isa = PBXFileReference; lastKnownFileType = wrapper.framework; path = raygun4apple.framework; sourceTree = "<group>"; };
/* End PBXFileReference section */

/* Begin PBXFrameworksBuildPhase section */
		17D5435D22E4A99E001889AF /* Frameworks */ = {
			isa = PBXFrameworksBuildPhase;
			buildActionMask = 2147483647;
			files = (
				17D5437B22E4AD9D001889AF /* raygun4apple.framework in Frameworks */,
			);
			runOnlyForDeploymentPostprocessing = 0;
		};
/* End PBXFrameworksBuildPhase section */

/* Begin PBXGroup section */
		17D5435722E4A99E001889AF = {
			isa = PBXGroup;
			children = (
				17D5437A22E4AD9D001889AF /* raygun4apple.framework */,
				17D5436222E4A99E001889AF /* RayGun Testing For Video */,
				17D5436122E4A99E001889AF /* Products */,
			);
			sourceTree = "<group>";
		};
		17D5436122E4A99E001889AF /* Products */ = {
			isa = PBXGroup;
			children = (
				17D5436022E4A99E001889AF /* RayGun Testing For Video.app */,
			);
			name = Products;
			sourceTree = "<group>";
		};
		17D5436222E4A99E001889AF /* RayGun Testing For Video */ = {
			isa = PBXGroup;
			children = (
				17D5436322E4A99E001889AF /* AppDelegate.swift */,
				17D5436522E4A99E001889AF /* ViewController.swift */,
				17D5436722E4A99E001889AF /* Main.storyboard */,
				17D5436A22E4A9A0001889AF /* Assets.xcassets */,
				17D5436C22E4A9A0001889AF /* LaunchScreen.storyboard */,
				17D5436F22E4A9A0001889AF /* Info.plist */,
				17D5437922E4AA52001889AF /* RayGunTestingForVideo-Bridging-Header.h */,
			);
			path = "RayGun Testing For Video";
			sourceTree = "<group>";
		};
/* End PBXGroup section */

/* Begin PBXNativeTarget section */
		17D5435F22E4A99E001889AF /* RayGun Testing For Video */ = {
			isa = PBXNativeTarget;
			buildConfigurationList = 17D5437222E4A9A0001889AF /* Build configuration list for PBXNativeTarget "RayGun Testing For Video" */;
			buildPhases = (
				17D5435C22E4A99E001889AF /* Sources */,
				17D5435D22E4A99E001889AF /* Frameworks */,
				17D5435E22E4A99E001889AF /* Resources */,
				17D5437822E4AA1E001889AF /* Embed Frameworks */,
			);
			buildRules = (
			);
			dependencies = (
			);
			name = "RayGun Testing For Video";
			productName = "RayGun Testing For Video";
			productReference = 17D5436022E4A99E001889AF /* RayGun Testing For Video.app */;
			productType = "com.apple.product-type.application";
		};
/* End PBXNativeTarget section */

/* Begin PBXProject section */
		17D5435822E4A99E001889AF /* Project object */ = {
			isa = PBXProject;
			attributes = {
				LastSwiftUpdateCheck = 1020;
				LastUpgradeCheck = 1020;
				ORGANIZATIONNAME = SwiftSeries;
				TargetAttributes = {
					17D5435F22E4A99E001889AF = {
						CreatedOnToolsVersion = 10.2.1;
					};
				};
			};
			buildConfigurationList = 17D5435B22E4A99E001889AF /* Build configuration list for PBXProject "RayGun Testing For Video" */;
			compatibilityVersion = "Xcode 9.3";
			developmentRegion = en;
			hasScannedForEncodings = 0;
			knownRegions = (
				en,
				Base,
			);
			mainGroup = 17D5435722E4A99E001889AF;
			productRefGroup = 17D5436122E4A99E001889AF /* Products */;
			projectDirPath = "";
			projectRoot = "";
			targets = (
				17D5435F22E4A99E001889AF /* RayGun Testing For Video */,
			);
		};
/* End PBXProject section */

/* Begin PBXResourcesBuildPhase section */
		17D5435E22E4A99E001889AF /* Resources */ = {
			isa = PBXResourcesBuildPhase;
			buildActionMask = 2147483647;
			files = (
				17D5436E22E4A9A0001889AF /* LaunchScreen.storyboard in Resources */,
				17D5436B22E4A9A0001889AF /* Assets.xcassets in Resources */,
				17D5436922E4A99E001889AF /* Main.storyboard in Resources */,
			);
			runOnlyForDeploymentPostprocessing = 0;
		};
/* End PBXResourcesBuildPhase section */

/* Begin PBXSourcesBuildPhase section */
		17D5435C22E4A99E001889AF /* Sources */ = {
			isa = PBXSourcesBuildPhase;
			buildActionMask = 2147483647;
			files = (
				17D5436622E4A99E001889AF /* ViewController.swift in Sources */,
				17D5436422E4A99E001889AF /* AppDelegate.swift in Sources */,
			);
			runOnlyForDeploymentPostprocessing = 0;
		};
/* End PBXSourcesBuildPhase section */

/* Begin PBXVariantGroup section */
		17D5436722E4A99E001889AF /* Main.storyboard */ = {
			isa = PBXVariantGroup;
			children = (
				17D5436822E4A99E001889AF /* Base */,
			);
			name = Main.storyboard;
			sourceTree = "<group>";
		};
		17D5436C22E4A9A0001889AF /* LaunchScreen.storyboard */ = {
			isa = PBXVariantGroup;
			children = (
				17D5436D22E4A9A0001889AF /* Base */,
			);
			name = LaunchScreen.storyboard;
			sourceTree = "<group>";
		};
/* End PBXVariantGroup section */

/* Begin XCBuildConfiguration section */
		17D5437022E4A9A0001889AF /* Debug */ = {
			isa = XCBuildConfiguration;
			buildSettings = {
				ALWAYS_SEARCH_USER_PATHS = NO;
				CLANG_ANALYZER_NONNULL = YES;
				CLANG_ANALYZER_NUMBER_OBJECT_CONVERSION = YES_AGGRESSIVE;
				CLANG_CXX_LANGUAGE_STANDARD = "gnu++14";
				CLANG_CXX_LIBRARY = "libc++";
				CLANG_ENABLE_MODULES = YES;
				CLANG_ENABLE_OBJC_ARC = YES;
				CLANG_ENABLE_OBJC_WEAK = YES;
				CLANG_WARN_BLOCK_CAPTURE_AUTORELEASING = YES;
				CLANG_WARN_BOOL_CONVERSION = YES;
				CLANG_WARN_COMMA = YES;
				CLANG_WARN_CONSTANT_CONVERSION = YES;
				CLANG_WARN_DEPRECATED_OBJC_IMPLEMENTATIONS = YES;
				CLANG_WARN_DIRECT_OBJC_ISA_USAGE = YES_ERROR;
				CLANG_WARN_DOCUMENTATION_COMMENTS = YES;
				CLANG_WARN_EMPTY_BODY = YES;
				CLANG_WARN_ENUM_CONVERSION = YES;
				CLANG_WARN_INFINITE_RECURSION = YES;
				CLANG_WARN_INT_CONVERSION = YES;
				CLANG_WARN_NON_LITERAL_NULL_CONVERSION = YES;
				CLANG_WARN_OBJC_IMPLICIT_RETAIN_SELF = YES;
				CLANG_WARN_OBJC_LITERAL_CONVERSION = YES;
				CLANG_WARN_OBJC_ROOT_CLASS = YES_ERROR;
				CLANG_WARN_RANGE_LOOP_ANALYSIS = YES;
				CLANG_WARN_STRICT_PROTOTYPES = YES;
				CLANG_WARN_SUSPICIOUS_MOVE = YES;
				CLANG_WARN_UNGUARDED_AVAILABILITY = YES_AGGRESSIVE;
				CLANG_WARN_UNREACHABLE_CODE = YES;
				CLANG_WARN__DUPLICATE_METHOD_MATCH = YES;
				CODE_SIGN_IDENTITY = "iPhone Developer";
				COPY_PHASE_STRIP = NO;
				DEBUG_INFORMATION_FORMAT = dwarf;
				ENABLE_STRICT_OBJC_MSGSEND = YES;
				ENABLE_TESTABILITY = YES;
				GCC_C_LANGUAGE_STANDARD = gnu11;
				GCC_DYNAMIC_NO_PIC = NO;
				GCC_NO_COMMON_BLOCKS = YES;
				GCC_OPTIMIZATION_LEVEL = 0;
				GCC_PREPROCESSOR_DEFINITIONS = (
					"DEBUG=1",
					"$(inherited)",
				);
				GCC_WARN_64_TO_32_BIT_CONVERSION = YES;
				GCC_WARN_ABOUT_RETURN_TYPE = YES_ERROR;
				GCC_WARN_UNDECLARED_SELECTOR = YES;
				GCC_WARN_UNINITIALIZED_AUTOS = YES_AGGRESSIVE;
				GCC_WARN_UNUSED_FUNCTION = YES;
				GCC_WARN_UNUSED_VARIABLE = YES;
				IPHONEOS_DEPLOYMENT_TARGET = 12.2;
				MTL_ENABLE_DEBUG_INFO = INCLUDE_SOURCE;
				MTL_FAST_MATH = YES;
				ONLY_ACTIVE_ARCH = YES;
				SDKROOT = iphoneos;
				SWIFT_ACTIVE_COMPILATION_CONDITIONS = DEBUG;
				SWIFT_OPTIMIZATION_LEVEL = "-Onone";
			};
			name = Debug;
		};
		17D5437122E4A9A0001889AF /* Release */ = {
			isa = XCBuildConfiguration;
			buildSettings = {
				ALWAYS_SEARCH_USER_PATHS = NO;
				CLANG_ANALYZER_NONNULL = YES;
				CLANG_ANALYZER_NUMBER_OBJECT_CONVERSION = YES_AGGRESSIVE;
				CLANG_CXX_LANGUAGE_STANDARD = "gnu++14";
				CLANG_CXX_LIBRARY = "libc++";
				CLANG_ENABLE_MODULES = YES;
				CLANG_ENABLE_OBJC_ARC = YES;
				CLANG_ENABLE_OBJC_WEAK = YES;
				CLANG_WARN_BLOCK_CAPTURE_AUTORELEASING = YES;
				CLANG_WARN_BOOL_CONVERSION = YES;
				CLANG_WARN_COMMA = YES;
				CLANG_WARN_CONSTANT_CONVERSION = YES;
				CLANG_WARN_DEPRECATED_OBJC_IMPLEMENTATIONS = YES;
				CLANG_WARN_DIRECT_OBJC_ISA_USAGE = YES_ERROR;
				CLANG_WARN_DOCUMENTATION_COMMENTS = YES;
				CLANG_WARN_EMPTY_BODY = YES;
				CLANG_WARN_ENUM_CONVERSION = YES;
				CLANG_WARN_INFINITE_RECURSION = YES;
				CLANG_WARN_INT_CONVERSION = YES;
				CLANG_WARN_NON_LITERAL_NULL_CONVERSION = YES;
				CLANG_WARN_OBJC_IMPLICIT_RETAIN_SELF = YES;
				CLANG_WARN_OBJC_LITERAL_CONVERSION = YES;
				CLANG_WARN_OBJC_ROOT_CLASS = YES_ERROR;
				CLANG_WARN_RANGE_LOOP_ANALYSIS = YES;
				CLANG_WARN_STRICT_PROTOTYPES = YES;
				CLANG_WARN_SUSPICIOUS_MOVE = YES;
				CLANG_WARN_UNGUARDED_AVAILABILITY = YES_AGGRESSIVE;
				CLANG_WARN_UNREACHABLE_CODE = YES;
				CLANG_WARN__DUPLICATE_METHOD_MATCH = YES;
				CODE_SIGN_IDENTITY = "iPhone Developer";
				COPY_PHASE_STRIP = NO;
				DEBUG_INFORMATION_FORMAT = "dwarf-with-dsym";
				ENABLE_NS_ASSERTIONS = NO;
				ENABLE_STRICT_OBJC_MSGSEND = YES;
				GCC_C_LANGUAGE_STANDARD = gnu11;
				GCC_NO_COMMON_BLOCKS = YES;
				GCC_WARN_64_TO_32_BIT_CONVERSION = YES;
				GCC_WARN_ABOUT_RETURN_TYPE = YES_ERROR;
				GCC_WARN_UNDECLARED_SELECTOR = YES;
				GCC_WARN_UNINITIALIZED_AUTOS = YES_AGGRESSIVE;
				GCC_WARN_UNUSED_FUNCTION = YES;
				GCC_WARN_UNUSED_VARIABLE = YES;
				IPHONEOS_DEPLOYMENT_TARGET = 12.2;
				MTL_ENABLE_DEBUG_INFO = NO;
				MTL_FAST_MATH = YES;
				SDKROOT = iphoneos;
				SWIFT_COMPILATION_MODE = wholemodule;
				SWIFT_OPTIMIZATION_LEVEL = "-O";
				VALIDATE_PRODUCT = YES;
			};
			name = Release;
		};
		17D5437322E4A9A0001889AF /* Debug */ = {
			isa = XCBuildConfiguration;
			buildSettings = {
				ASSETCATALOG_COMPILER_APPICON_NAME = AppIcon;
				CODE_SIGN_STYLE = Automatic;
				DEVELOPMENT_TEAM = Y5WJ4B7E4Z;
				FRAMEWORK_SEARCH_PATHS = (
					"$(inherited)",
					"$(PROJECT_DIR)",
				);
				INFOPLIST_FILE = "RayGun Testing For Video/Info.plist";
				IPHONEOS_DEPLOYMENT_TARGET = 10.0;
				LD_RUNPATH_SEARCH_PATHS = (
					"$(inherited)",
					"@executable_path/Frameworks",
				);
				PRODUCT_BUNDLE_IDENTIFIER = "com.swiftseries.RayGun-Testing-For-Video";
				PRODUCT_NAME = "$(TARGET_NAME)";
				SWIFT_OBJC_BRIDGING_HEADER = "RayGun Testing For Video/RayGunTestingForVideo-Bridging-Header.h";
				SWIFT_VERSION = 5.0;
				TARGETED_DEVICE_FAMILY = "1,2";
			};
			name = Debug;
		};
		17D5437422E4A9A0001889AF /* Release */ = {
			isa = XCBuildConfiguration;
			buildSettings = {
				ASSETCATALOG_COMPILER_APPICON_NAME = AppIcon;
				CODE_SIGN_STYLE = Automatic;
				DEVELOPMENT_TEAM = Y5WJ4B7E4Z;
				FRAMEWORK_SEARCH_PATHS = (
					"$(inherited)",
					"$(PROJECT_DIR)",
				);
				INFOPLIST_FILE = "RayGun Testing For Video/Info.plist";
				IPHONEOS_DEPLOYMENT_TARGET = 10.0;
				LD_RUNPATH_SEARCH_PATHS = (
					"$(inherited)",
					"@executable_path/Frameworks",
				);
				PRODUCT_BUNDLE_IDENTIFIER = "com.swiftseries.RayGun-Testing-For-Video";
				PRODUCT_NAME = "$(TARGET_NAME)";
				SWIFT_OBJC_BRIDGING_HEADER = "RayGun Testing For Video/RayGunTestingForVideo-Bridging-Header.h";
				SWIFT_VERSION = 5.0;
				TARGETED_DEVICE_FAMILY = "1,2";
			};
			name = Release;
		};
/* End XCBuildConfiguration section */

/* Begin XCConfigurationList section */
		17D5435B22E4A99E001889AF /* Build configuration list for PBXProject "RayGun Testing For Video" */ = {
			isa = XCConfigurationList;
			buildConfigurations = (
				17D5437022E4A9A0001889AF /* Debug */,
				17D5437122E4A9A0001889AF /* Release */,
			);
			defaultConfigurationIsVisible = 0;
			defaultConfigurationName = Release;
		};
		17D5437222E4A9A0001889AF /* Build configuration list for PBXNativeTarget "RayGun Testing For Video" */ = {
			isa = XCConfigurationList;
			buildConfigurations = (
				17D5437322E4A9A0001889AF /* Debug */,
				17D5437422E4A9A0001889AF /* Release */,
			);
			defaultConfigurationIsVisible = 0;
			defaultConfigurationName = Release;
		};
/* End XCConfigurationList section */
	};
	rootObject = 17D5435822E4A99E001889AF /* Project object */;
}
